
Microsoft Visual Studio Solution File, Format Version 12.00
# Visual Studio Version 17
VisualStudioVersion = 17.4.33213.308
MinimumVisualStudioVersion = 10.0.40219.1
Project("{FAE04EC0-301F-11D3-BF4B-00C04F79EFBC}") = "Hotel", "Hotel\Hotel.csproj", "{F2C58BE1-595F-4D24-BC6B-92B5E3B22832}"
EndProject
Global
	GlobalSection(SolutionConfigurationPlatforms) = preSolution
		Debug|Any CPU = Debug|Any CPU
		Release|Any CPU = Release|Any CPU
	EndGlobalSection
	GlobalSection(ProjectConfigurationPlatforms) = postSolution
		{F2C58BE1-595F-4D24-BC6B-92B5E3B22832}.Debug|Any CPU.ActiveCfg = Debug|Any CPU
		{F2C58BE1-595F-4D24-BC6B-92B5E3B22832}.Debug|Any CPU.Build.0 = Debug|Any CPU
		{F2C58BE1-595F-4D24-BC6B-92B5E3B22832}.Release|Any CPU.ActiveCfg = Release|Any CPU
		{F2C58BE1-595F-4D24-BC6B-92B5E3B22832}.Release|Any CPU.Build.0 = Release|Any CPU
	EndGlobalSection
	GlobalSection(SolutionProperties) = preSolution
		HideSolutionNode = FALSE
	EndGlobalSection
	GlobalSection(ExtensibilityGlobals) = postSolution
		SolutionGuid = {D2FA2FD8-F1B4-4781-A3E8-FA33E639E7BE}
	EndGlobalSection
EndGlobal
